{
    "_readme": [
        "This file locks the dependencies of your project to a known state",
        "Read more about it at https://getcomposer.org/doc/01-basic-usage.md#composer-lock-the-lock-file",
        "This file is @generated automatically"
    ],
    "content-hash": "59f2e268d172883941f8d4b48f36ec47",
    "packages": [
        {
            "name": "khalyomede/jsun-php",
            "version": "v1.0.1",
            "source": {
                "type": "git",
                "url": "https://github.com/khalyomede/jsun-php.git",
                "reference": "e88b8430dc59f9a64e3e8868d7304045f6c24b6d"
            },
            "dist": {
                "type": "zip",
                "url": "https://api.github.com/repos/khalyomede/jsun-php/zipball/e88b8430dc59f9a64e3e8868d7304045f6c24b6d",
                "reference": "e88b8430dc59f9a64e3e8868d7304045f6c24b6d",
                "shasum": ""
            },
            "require": {
                "php": ">=5.3.0"
            },
            "type": "library",
            "autoload": {
                "psr-4": {
                    "Khalyomede\\": "src/"
                }
            },
            "notification-url": "https://packagist.org/downloads/",
            "license": [
                "MIT"
            ],
            "description": "My personnal JSON formatting pattern for dealing equally with success, errors, or fail status when send and retrieving JSON data",
            "time": "2017-07-27T15:58:02+00:00"
        }
    ],
    "packages-dev": [],
    "aliases": [],
    "minimum-stability": "dev",
    "stability-flags": [],
    "prefer-stable": false,
    "prefer-lowest": false,
    "platform": {
        "php": ">=5.3.0"
    },
    "platform-dev": []
}
